{
  "pins" : [
    {
      "identity" : "diffablelist",
      "kind" : "remoteSourceControl",
      "location" : "https://github.com/grepug/DiffableList",
      "state" : {
        "branch" : "dev_3.1.0",
        "revision" : "b81b68a8d80ee91d5f96c28b6be97458ffc36d34"
      }
    },
    {
      "identity" : "snapkit",
      "kind" : "remoteSourceControl",
      "location" : "https://github.com/SnapKit/SnapKit.git",
      "state" : {
        "revision" : "f222cbdf325885926566172f6f5f06af95473158",
        "version" : "5.6.0"
      }
    },
    {
      "identity" : "twittertexteditor",
      "kind" : "remoteSourceControl",
      "location" : "https://github.com/twitter/TwitterTextEditor",
      "state" : {
        "branch" : "master",
        "revision" : "940dc091fbe51ef6cb267b9bff80d4148cdf345a"
      }
    }
  ],
  "version" : 2
}
